// !$*UTF8*$!
{
	archiveVersion = 1;
	classes = {
	};
	objectVersion = 46;
	objects = {

/* Begin PBXBuildFile section */
		450A51281C337FC400CDEF34 /* MUpToFile.swift in Sources */ = {isa = PBXBuildFile; fileRef = 450A51271C337FC400CDEF34 /* MUpToFile.swift */; };
		450A512C1C3383F700CDEF34 /* TopModel.swift in Sources */ = {isa = PBXBuildFile; fileRef = 450A51291C3383F700CDEF34 /* TopModel.swift */; };
		450A512D1C3383F700CDEF34 /* D3Json.swift in Sources */ = {isa = PBXBuildFile; fileRef = 450A512A1C3383F700CDEF34 /* D3Json.swift */; };
		450A512E1C3383F700CDEF34 /* PayTool.swift in Sources */ = {isa = PBXBuildFile; fileRef = 450A512B1C3383F700CDEF34 /* PayTool.swift */; };
		450A51311C33848300CDEF34 /* CommonMethods.swift in Sources */ = {isa = PBXBuildFile; fileRef = 450A51301C33848300CDEF34 /* CommonMethods.swift */; };
		450A51421C33854F00CDEF34 /* Alamofire.swift in Sources */ = {isa = PBXBuildFile; fileRef = 450A51341C33854F00CDEF34 /* Alamofire.swift */; };
		450A51431C33854F00CDEF34 /* Download.swift in Sources */ = {isa = PBXBuildFile; fileRef = 450A51351C33854F00CDEF34 /* Download.swift */; };
		450A51441C33854F00CDEF34 /* Error.swift in Sources */ = {isa = PBXBuildFile; fileRef = 450A51361C33854F00CDEF34 /* Error.swift */; };
		450A51451C33854F00CDEF34 /* Info.plist in Resources */ = {isa = PBXBuildFile; fileRef = 450A51371C33854F00CDEF34 /* Info.plist */; };
		450A51461C33854F00CDEF34 /* Manager.swift in Sources */ = {isa = PBXBuildFile; fileRef = 450A51381C33854F00CDEF34 /* Manager.swift */; };
		450A51471C33854F00CDEF34 /* MultipartFormData.swift in Sources */ = {isa = PBXBuildFile; fileRef = 450A51391C33854F00CDEF34 /* MultipartFormData.swift */; };
		450A51481C33854F00CDEF34 /* ParameterEncoding.swift in Sources */ = {isa = PBXBuildFile; fileRef = 450A513A1C33854F00CDEF34 /* ParameterEncoding.swift */; };
		450A51491C33854F00CDEF34 /* Request.swift in Sources */ = {isa = PBXBuildFile; fileRef = 450A513B1C33854F00CDEF34 /* Request.swift */; };
		450A514A1C33854F00CDEF34 /* ResponseSerialization.swift in Sources */ = {isa = PBXBuildFile; fileRef = 450A513C1C33854F00CDEF34 /* ResponseSerialization.swift */; };
		450A514B1C33854F00CDEF34 /* Result.swift in Sources */ = {isa = PBXBuildFile; fileRef = 450A513D1C33854F00CDEF34 /* Result.swift */; };
		450A514C1C33854F00CDEF34 /* ServerTrustPolicy.swift in Sources */ = {isa = PBXBuildFile; fileRef = 450A513E1C33854F00CDEF34 /* ServerTrustPolicy.swift */; };
		450A514D1C33854F00CDEF34 /* Stream.swift in Sources */ = {isa = PBXBuildFile; fileRef = 450A513F1C33854F00CDEF34 /* Stream.swift */; };
		450A514E1C33854F00CDEF34 /* Upload.swift in Sources */ = {isa = PBXBuildFile; fileRef = 450A51401C33854F00CDEF34 /* Upload.swift */; };
		450A514F1C33854F00CDEF34 /* Validation.swift in Sources */ = {isa = PBXBuildFile; fileRef = 450A51411C33854F00CDEF34 /* Validation.swift */; };
		450A51511C33B91E00CDEF34 /* MRCIM.swift in Sources */ = {isa = PBXBuildFile; fileRef = 450A51501C33B91E00CDEF34 /* MRCIM.swift */; };
		450EC6001C3E017700C6BD19 /* PingPPPay.swift in Sources */ = {isa = PBXBuildFile; fileRef = 450EC5FF1C3E017700C6BD19 /* PingPPPay.swift */; };
		452E61E61C3BBC3900E7B039 /* MCommandRequest.swift in Sources */ = {isa = PBXBuildFile; fileRef = 452E61E51C3BBC3900E7B039 /* MCommandRequest.swift */; };
		452E61E91C3BF33600E7B039 /* NZZCheckingOfInput.m in Sources */ = {isa = PBXBuildFile; fileRef = 452E61E81C3BF33600E7B039 /* NZZCheckingOfInput.m */; };
		45431E2A1C27E4DD00D47BCA /* libsqlite3.tbd in Frameworks */ = {isa = PBXBuildFile; fileRef = 45431E291C27E4DD00D47BCA /* libsqlite3.tbd */; };
		45441B081C44C2C900492B6A /* MNotification.swift in Sources */ = {isa = PBXBuildFile; fileRef = 45441B071C44C2C900492B6A /* MNotification.swift */; };
		45441B0A1C44DBDA00492B6A /* MUi.swift in Sources */ = {isa = PBXBuildFile; fileRef = 45441B091C44DBDA00492B6A /* MUi.swift */; };
		4553CAE81C37ABCE00BFD327 /* MoreActionTableViewCell.swift in Sources */ = {isa = PBXBuildFile; fileRef = 4553CAE71C37ABCE00BFD327 /* MoreActionTableViewCell.swift */; };
		4553CAEA1C37BA3500BFD327 /* WebViewController.swift in Sources */ = {isa = PBXBuildFile; fileRef = 4553CAE91C37BA3500BFD327 /* WebViewController.swift */; };
		456187CA1C1E9CA200AE5801 /* AssetPicker.m in Sources */ = {isa = PBXBuildFile; fileRef = 456187C21C1E9CA200AE5801 /* AssetPicker.m */; };
		456187CB1C1E9CA200AE5801 /* ZYQAssetPicker.Bundle in Resources */ = {isa = PBXBuildFile; fileRef = 456187C41C1E9CA200AE5801 /* ZYQAssetPicker.Bundle */; };
		456187CC1C1E9CA200AE5801 /* ZYQAssetPickerController.m in Sources */ = {isa = PBXBuildFile; fileRef = 456187C61C1E9CA200AE5801 /* ZYQAssetPickerController.m */; };
		456187CD1C1E9CA200AE5801 /* RecordAndPlay.m in Sources */ = {isa = PBXBuildFile; fileRef = 456187C91C1E9CA200AE5801 /* RecordAndPlay.m */; };
		456187DC1C1E9DB900AE5801 /* HelpFromOc.m in Sources */ = {isa = PBXBuildFile; fileRef = 456187DB1C1E9DB900AE5801 /* HelpFromOc.m */; };
		457E29461C22D01000CDE1EE /* databaseGet.m in Sources */ = {isa = PBXBuildFile; fileRef = 457E29451C22D01000CDE1EE /* databaseGet.m */; };
		458F9BF41C3A498B00F6D42D /* Pay.swift in Sources */ = {isa = PBXBuildFile; fileRef = 458F9BF31C3A498B00F6D42D /* Pay.swift */; };
		459357931C3ED2FE00C13A27 /* AddressTableViewCell.swift in Sources */ = {isa = PBXBuildFile; fileRef = 4593578B1C3ED2FE00C13A27 /* AddressTableViewCell.swift */; };
		459357941C3ED2FE00C13A27 /* AddressTableViewCell.xib in Resources */ = {isa = PBXBuildFile; fileRef = 4593578C1C3ED2FE00C13A27 /* AddressTableViewCell.xib */; };
		459357951C3ED2FE00C13A27 /* Location.swift in Sources */ = {isa = PBXBuildFile; fileRef = 4593578D1C3ED2FE00C13A27 /* Location.swift */; };
		459357961C3ED2FE00C13A27 /* MAddress.swift in Sources */ = {isa = PBXBuildFile; fileRef = 4593578E1C3ED2FE00C13A27 /* MAddress.swift */; };
		459357971C3ED2FE00C13A27 /* MyAddress2TableViewCell.swift in Sources */ = {isa = PBXBuildFile; fileRef = 4593578F1C3ED2FE00C13A27 /* MyAddress2TableViewCell.swift */; };
		459357981C3ED2FE00C13A27 /* MyAddress2TableViewCell.xib in Resources */ = {isa = PBXBuildFile; fileRef = 459357901C3ED2FE00C13A27 /* MyAddress2TableViewCell.xib */; };
		459357991C3ED2FE00C13A27 /* SearchAddressViewController.swift in Sources */ = {isa = PBXBuildFile; fileRef = 459357911C3ED2FE00C13A27 /* SearchAddressViewController.swift */; };
		4593579A1C3ED2FE00C13A27 /* UserLocationViewController.swift in Sources */ = {isa = PBXBuildFile; fileRef = 459357921C3ED2FE00C13A27 /* UserLocationViewController.swift */; };
		4593579C1C3ED47E00C13A27 /* HWJNavControllerViewController.swift in Sources */ = {isa = PBXBuildFile; fileRef = 4593579B1C3ED47E00C13A27 /* HWJNavControllerViewController.swift */; };
		459EEE1D1C321A9100B93CFF /* ChatViewController.swift in Sources */ = {isa = PBXBuildFile; fileRef = 459EEDF31C321A9100B93CFF /* ChatViewController.swift */; };
		459EEE1E1C321A9100B93CFF /* AUITableView.swift in Sources */ = {isa = PBXBuildFile; fileRef = 459EEDF51C321A9100B93CFF /* AUITableView.swift */; };
		459EEE1F1C321A9100B93CFF /* MChatView.swift in Sources */ = {isa = PBXBuildFile; fileRef = 459EEDFA1C321A9100B93CFF /* MChatView.swift */; };
		459EEE201C321A9100B93CFF /* ModelOfMsgSend.swift in Sources */ = {isa = PBXBuildFile; fileRef = 459EEDFB1C321A9100B93CFF /* ModelOfMsgSend.swift */; };
		459EEE211C321A9100B93CFF /* ModelOfMsgInCell.swift in Sources */ = {isa = PBXBuildFile; fileRef = 459EEDFE1C321A9100B93CFF /* ModelOfMsgInCell.swift */; };
		459EEE221C321A9100B93CFF /* MTableviewDelegateNzz.swift in Sources */ = {isa = PBXBuildFile; fileRef = 459EEDFF1C321A9100B93CFF /* MTableviewDelegateNzz.swift */; };
		459EEE231C321A9100B93CFF /* ColCell1InputVc.swift in Sources */ = {isa = PBXBuildFile; fileRef = 459EEE021C321A9100B93CFF /* ColCell1InputVc.swift */; };
		459EEE241C321A9100B93CFF /* ColCell1InputVc.xib in Resources */ = {isa = PBXBuildFile; fileRef = 459EEE031C321A9100B93CFF /* ColCell1InputVc.xib */; };
		459EEE251C321A9100B93CFF /* ColCell2InputVc.swift in Sources */ = {isa = PBXBuildFile; fileRef = 459EEE041C321A9100B93CFF /* ColCell2InputVc.swift */; };
		459EEE261C321A9100B93CFF /* ColCell2InputVc.xib in Resources */ = {isa = PBXBuildFile; fileRef = 459EEE051C321A9100B93CFF /* ColCell2InputVc.xib */; };
		459EEE271C321A9100B93CFF /* InputV.swift in Sources */ = {isa = PBXBuildFile; fileRef = 459EEE061C321A9100B93CFF /* InputV.swift */; };
		459EEE281C321A9100B93CFF /* InputV.xib in Resources */ = {isa = PBXBuildFile; fileRef = 459EEE071C321A9100B93CFF /* InputV.xib */; };
		459EEE291C321A9100B93CFF /* CustomLayoutNzz.swift in Sources */ = {isa = PBXBuildFile; fileRef = 459EEE091C321A9100B93CFF /* CustomLayoutNzz.swift */; };
		459EEE2A1C321A9100B93CFF /* MMsgWantSendCollectionViewDelegateNzz.swift in Sources */ = {isa = PBXBuildFile; fileRef = 459EEE0A1C321A9100B93CFF /* MMsgWantSendCollectionViewDelegateNzz.swift */; };
		459EEE2B1C321A9100B93CFF /* MsgWantSendCollectionViewCell.swift in Sources */ = {isa = PBXBuildFile; fileRef = 459EEE0B1C321A9100B93CFF /* MsgWantSendCollectionViewCell.swift */; };
		459EEE2C1C321A9100B93CFF /* MsgWantSendCollectionViewCell.xib in Resources */ = {isa = PBXBuildFile; fileRef = 459EEE0C1C321A9100B93CFF /* MsgWantSendCollectionViewCell.xib */; };
		459EEE2D1C321A9100B93CFF /* VolView.swift in Sources */ = {isa = PBXBuildFile; fileRef = 459EEE0D1C321A9100B93CFF /* VolView.swift */; };
		459EEE2E1C321A9100B93CFF /* Cell1ChatTableViewCell.swift in Sources */ = {isa = PBXBuildFile; fileRef = 459EEE101C321A9100B93CFF /* Cell1ChatTableViewCell.swift */; };
		459EEE2F1C321A9100B93CFF /* Cell1ChatTableViewCell.xib in Resources */ = {isa = PBXBuildFile; fileRef = 459EEE111C321A9100B93CFF /* Cell1ChatTableViewCell.xib */; };
		459EEE311C321A9100B93CFF /* Cell2ChatTableViewCell.xib in Resources */ = {isa = PBXBuildFile; fileRef = 459EEE131C321A9100B93CFF /* Cell2ChatTableViewCell.xib */; };
		459EEE321C321A9100B93CFF /* ChatTableViewCell.swift in Sources */ = {isa = PBXBuildFile; fileRef = 459EEE141C321A9100B93CFF /* ChatTableViewCell.swift */; };
		459EEE331C321A9100B93CFF /* ImageMineTableViewCell.swift in Sources */ = {isa = PBXBuildFile; fileRef = 459EEE151C321A9100B93CFF /* ImageMineTableViewCell.swift */; };
		459EEE341C321A9100B93CFF /* ImageMineTableViewCell.xib in Resources */ = {isa = PBXBuildFile; fileRef = 459EEE161C321A9100B93CFF /* ImageMineTableViewCell.xib */; };
		459EEE361C321A9100B93CFF /* ImageOfCustomerTableViewCell.xib in Resources */ = {isa = PBXBuildFile; fileRef = 459EEE181C321A9100B93CFF /* ImageOfCustomerTableViewCell.xib */; };
		459EEE391C321A9100B93CFF /* TableViewDelegateNzz.swift in Sources */ = {isa = PBXBuildFile; fileRef = 459EEE1B1C321A9100B93CFF /* TableViewDelegateNzz.swift */; };
		459EEE3A1C321A9100B93CFF /* ToolOfCellInChat.swift in Sources */ = {isa = PBXBuildFile; fileRef = 459EEE1C1C321A9100B93CFF /* ToolOfCellInChat.swift */; };
		459EEE421C3220C000B93CFF /* LoginAndRegistViewController.swift in Sources */ = {isa = PBXBuildFile; fileRef = 459EEE411C3220C000B93CFF /* LoginAndRegistViewController.swift */; };
		459EEE451C32216700B93CFF /* LoginAndRegist.storyboard in Resources */ = {isa = PBXBuildFile; fileRef = 459EEE441C32216700B93CFF /* LoginAndRegist.storyboard */; };
		459EEE4A1C32322E00B93CFF /* MeViewController.swift in Sources */ = {isa = PBXBuildFile; fileRef = 459EEE491C32322E00B93CFF /* MeViewController.swift */; };
		459EEE4C1C3234D300B93CFF /* aTableViewController.swift in Sources */ = {isa = PBXBuildFile; fileRef = 459EEE4B1C3234D300B93CFF /* aTableViewController.swift */; };
		459EEE4E1C3235D500B93CFF /* UserModel.swift in Sources */ = {isa = PBXBuildFile; fileRef = 459EEE4D1C3235D500B93CFF /* UserModel.swift */; };
		459EEE9C1C329D6200B93CFF /* NZZVcOfPay.swift in Sources */ = {isa = PBXBuildFile; fileRef = 459EEE9A1C329D6200B93CFF /* NZZVcOfPay.swift */; };
		459EEE9D1C329D6200B93CFF /* NZZVcOfPay.xib in Resources */ = {isa = PBXBuildFile; fileRef = 459EEE9B1C329D6200B93CFF /* NZZVcOfPay.xib */; };
		45AA096A1C3CC6DD00A143E3 /* MsgShow.swift in Sources */ = {isa = PBXBuildFile; fileRef = 45AA09691C3CC6DD00A143E3 /* MsgShow.swift */; };
		45B705091C1E64BC00B0E8C2 /* AppDelegate.swift in Sources */ = {isa = PBXBuildFile; fileRef = 45B705081C1E64BC00B0E8C2 /* AppDelegate.swift */; };
		45B7050E1C1E64BC00B0E8C2 /* Chat.storyboard in Resources */ = {isa = PBXBuildFile; fileRef = 45B7050C1C1E64BC00B0E8C2 /* Chat.storyboard */; };
		45B705101C1E64BC00B0E8C2 /* Assets.xcassets in Resources */ = {isa = PBXBuildFile; fileRef = 45B7050F1C1E64BC00B0E8C2 /* Assets.xcassets */; };
		45B705131C1E64BC00B0E8C2 /* LaunchScreen.storyboard in Resources */ = {isa = PBXBuildFile; fileRef = 45B705111C1E64BC00B0E8C2 /* LaunchScreen.storyboard */; };
		45B7051E1C1E64BC00B0E8C2 /* ChatVcTests.swift in Sources */ = {isa = PBXBuildFile; fileRef = 45B7051D1C1E64BC00B0E8C2 /* ChatVcTests.swift */; };
		45B705291C1E64BC00B0E8C2 /* ChatVcUITests.swift in Sources */ = {isa = PBXBuildFile; fileRef = 45B705281C1E64BC00B0E8C2 /* ChatVcUITests.swift */; };
		45B705561C1E660700B0E8C2 /* Default.swift in Sources */ = {isa = PBXBuildFile; fileRef = 45B705551C1E660700B0E8C2 /* Default.swift */; };
		45BBD9F41C228E3D0038A6AC /* CGSize+QuickTool.swift in Sources */ = {isa = PBXBuildFile; fileRef = 45BBD9E31C228E3D0038A6AC /* CGSize+QuickTool.swift */; };
		45BBD9F51C228E3D0038A6AC /* Double+QuickTool.swift in Sources */ = {isa = PBXBuildFile; fileRef = 45BBD9E41C228E3D0038A6AC /* Double+QuickTool.swift */; };
		45BBD9F61C228E3D0038A6AC /* Int+QuickTool.swift in Sources */ = {isa = PBXBuildFile; fileRef = 45BBD9E51C228E3D0038A6AC /* Int+QuickTool.swift */; };
		45BBD9F71C228E3D0038A6AC /* String+QuickTool.swift in Sources */ = {isa = PBXBuildFile; fileRef = 45BBD9E61C228E3D0038A6AC /* String+QuickTool.swift */; };
		45BBD9F81C228E3D0038A6AC /* UIColor+QuickTool.swift in Sources */ = {isa = PBXBuildFile; fileRef = 45BBD9E71C228E3D0038A6AC /* UIColor+QuickTool.swift */; };
		45BBD9F91C228E3D0038A6AC /* UIImage+QuickTool.swift in Sources */ = {isa = PBXBuildFile; fileRef = 45BBD9E81C228E3D0038A6AC /* UIImage+QuickTool.swift */; };
		45BBD9FA1C228E3D0038A6AC /* UIImageView+QuickTool.swift in Sources */ = {isa = PBXBuildFile; fileRef = 45BBD9E91C228E3D0038A6AC /* UIImageView+QuickTool.swift */; };
		45BBD9FB1C228E3D0038A6AC /* SGFileManage.swift in Sources */ = {isa = PBXBuildFile; fileRef = 45BBD9EA1C228E3D0038A6AC /* SGFileManage.swift */; };
		45BBD9FC1C228E3D0038A6AC /* UITableViewController+Quick.swift in Sources */ = {isa = PBXBuildFile; fileRef = 45BBD9EB1C228E3D0038A6AC /* UITableViewController+Quick.swift */; };
		45F16A8F1C3F889D00592263 /* OrderDetailViewController.swift in Sources */ = {isa = PBXBuildFile; fileRef = 45F16A8E1C3F889D00592263 /* OrderDetailViewController.swift */; };
		45F16A931C3F8CED00592263 /* MOrder.swift in Sources */ = {isa = PBXBuildFile; fileRef = 45F16A921C3F8CED00592263 /* MOrder.swift */; };
		45F16A951C3F924700592263 /* OrderDetailTableViewCell.swift in Sources */ = {isa = PBXBuildFile; fileRef = 45F16A941C3F924700592263 /* OrderDetailTableViewCell.swift */; };
		F8A475DB41B9CA6ED968066B /* libPods.a in Frameworks */ = {isa = PBXBuildFile; fileRef = 80B66270FF74AC3C799583AF /* libPods.a */; };
/* End PBXBuildFile section */

/* Begin PBXContainerItemProxy section */
		45B7051A1C1E64BC00B0E8C2 /* PBXContainerItemProxy */ = {
			isa = PBXContainerItemProxy;
			containerPortal = 45B704FD1C1E64BC00B0E8C2 /* Project object */;
			proxyType = 1;
			remoteGlobalIDString = 45B705041C1E64BC00B0E8C2;
			remoteInfo = ChatVc;
		};
		45B705251C1E64BC00B0E8C2 /* PBXContainerItemProxy */ = {
			isa = PBXContainerItemProxy;
			containerPortal = 45B704FD1C1E64BC00B0E8C2 /* Project object */;
			proxyType = 1;
			remoteGlobalIDString = 45B705041C1E64BC00B0E8C2;
			remoteInfo = ChatVc;
		};
/* End PBXContainerItemProxy section */

/* Begin PBXFileReference section */
		450A51271C337FC400CDEF34 /* MUpToFile.swift */ = {isa = PBXFileReference; fileEncoding = 4; lastKnownFileType = sourcecode.swift; path = MUpToFile.swift; sourceTree = "<group>"; };
		450A51291C3383F700CDEF34 /* TopModel.swift */ = {isa = PBXFileReference; fileEncoding = 4; lastKnownFileType = sourcecode.swift; path = TopModel.swift; sourceTree = "<group>"; };
		450A512A1C3383F700CDEF34 /* D3Json.swift */ = {isa = PBXFileReference; fileEncoding = 4; lastKnownFileType = sourcecode.swift; path = D3Json.swift; sourceTree = "<group>"; };
		450A512B1C3383F700CDEF34 /* PayTool.swift */ = {isa = PBXFileReference; fileEncoding = 4; lastKnownFileType = sourcecode.swift; path = PayTool.swift; sourceTree = "<group>"; };
		450A51301C33848300CDEF34 /* CommonMethods.swift */ = {isa = PBXFileReference; fileEncoding = 4; lastKnownFileType = sourcecode.swift; path = CommonMethods.swift; sourceTree = "<group>"; };
		450A51331C33854F00CDEF34 /* Alamofire.h */ = {isa = PBXFileReference; fileEncoding = 4; lastKnownFileType = sourcecode.c.h; path = Alamofire.h; sourceTree = "<group>"; };
		450A51341C33854F00CDEF34 /* Alamofire.swift */ = {isa = PBXFileReference; fileEncoding = 4; lastKnownFileType = sourcecode.swift; path = Alamofire.swift; sourceTree = "<group>"; };
		450A51351C33854F00CDEF34 /* Download.swift */ = {isa = PBXFileReference; fileEncoding = 4; lastKnownFileType = sourcecode.swift; path = Download.swift; sourceTree = "<group>"; };
		450A51361C33854F00CDEF34 /* Error.swift */ = {isa = PBXFileReference; fileEncoding = 4; lastKnownFileType = sourcecode.swift; path = Error.swift; sourceTree = "<group>"; };
		450A51371C33854F00CDEF34 /* Info.plist */ = {isa = PBXFileReference; fileEncoding = 4; lastKnownFileType = text.plist.xml; path = Info.plist; sourceTree = "<group>"; };
		450A51381C33854F00CDEF34 /* Manager.swift */ = {isa = PBXFileReference; fileEncoding = 4; lastKnownFileType = sourcecode.swift; path = Manager.swift; sourceTree = "<group>"; };
		450A51391C33854F00CDEF34 /* MultipartFormData.swift */ = {isa = PBXFileReference; fileEncoding = 4; lastKnownFileType = sourcecode.swift; path = MultipartFormData.swift; sourceTree = "<group>"; };
		450A513A1C33854F00CDEF34 /* ParameterEncoding.swift */ = {isa = PBXFileReference; fileEncoding = 4; lastKnownFileType = sourcecode.swift; path = ParameterEncoding.swift; sourceTree = "<group>"; };
		450A513B1C33854F00CDEF34 /* Request.swift */ = {isa = PBXFileReference; fileEncoding = 4; lastKnownFileType = sourcecode.swift; path = Request.swift; sourceTree = "<group>"; };
		450A513C1C33854F00CDEF34 /* ResponseSerialization.swift */ = {isa = PBXFileReference; fileEncoding = 4; lastKnownFileType = sourcecode.swift; path = ResponseSerialization.swift; sourceTree = "<group>"; };
		450A513D1C33854F00CDEF34 /* Result.swift */ = {isa = PBXFileReference; fileEncoding = 4; lastKnownFileType = sourcecode.swift; path = Result.swift; sourceTree = "<group>"; };
		450A513E1C33854F00CDEF34 /* ServerTrustPolicy.swift */ = {isa = PBXFileReference; fileEncoding = 4; lastKnownFileType = sourcecode.swift; path = ServerTrustPolicy.swift; sourceTree = "<group>"; };
		450A513F1C33854F00CDEF34 /* Stream.swift */ = {isa = PBXFileReference; fileEncoding = 4; lastKnownFileType = sourcecode.swift; path = Stream.swift; sourceTree = "<group>"; };
		450A51401C33854F00CDEF34 /* Upload.swift */ = {isa = PBXFileReference; fileEncoding = 4; lastKnownFileType = sourcecode.swift; path = Upload.swift; sourceTree = "<group>"; };
		450A51411C33854F00CDEF34 /* Validation.swift */ = {isa = PBXFileReference; fileEncoding = 4; lastKnownFileType = sourcecode.swift; path = Validation.swift; sourceTree = "<group>"; };
		450A51501C33B91E00CDEF34 /* MRCIM.swift */ = {isa = PBXFileReference; fileEncoding = 4; lastKnownFileType = sourcecode.swift; path = MRCIM.swift; sourceTree = "<group>"; };
		450EC5FF1C3E017700C6BD19 /* PingPPPay.swift */ = {isa = PBXFileReference; fileEncoding = 4; lastKnownFileType = sourcecode.swift; path = PingPPPay.swift; sourceTree = "<group>"; };
		452E61E51C3BBC3900E7B039 /* MCommandRequest.swift */ = {isa = PBXFileReference; fileEncoding = 4; lastKnownFileType = sourcecode.swift; path = MCommandRequest.swift; sourceTree = "<group>"; };
		452E61E71C3BF33600E7B039 /* NZZCheckingOfInput.h */ = {isa = PBXFileReference; fileEncoding = 4; lastKnownFileType = sourcecode.c.h; path = NZZCheckingOfInput.h; sourceTree = "<group>"; };
		452E61E81C3BF33600E7B039 /* NZZCheckingOfInput.m */ = {isa = PBXFileReference; fileEncoding = 4; lastKnownFileType = sourcecode.c.objc; path = NZZCheckingOfInput.m; sourceTree = "<group>"; };
		45431E291C27E4DD00D47BCA /* libsqlite3.tbd */ = {isa = PBXFileReference; lastKnownFileType = "sourcecode.text-based-dylib-definition"; name = libsqlite3.tbd; path = usr/lib/libsqlite3.tbd; sourceTree = SDKROOT; };
		45441B071C44C2C900492B6A /* MNotification.swift */ = {isa = PBXFileReference; fileEncoding = 4; lastKnownFileType = sourcecode.swift; path = MNotification.swift; sourceTree = "<group>"; };
		45441B091C44DBDA00492B6A /* MUi.swift */ = {isa = PBXFileReference; fileEncoding = 4; lastKnownFileType = sourcecode.swift; path = MUi.swift; sourceTree = "<group>"; };
		4553CAE71C37ABCE00BFD327 /* MoreActionTableViewCell.swift */ = {isa = PBXFileReference; fileEncoding = 4; lastKnownFileType = sourcecode.swift; path = MoreActionTableViewCell.swift; sourceTree = "<group>"; };
		4553CAE91C37BA3500BFD327 /* WebViewController.swift */ = {isa = PBXFileReference; fileEncoding = 4; lastKnownFileType = sourcecode.swift; path = WebViewController.swift; sourceTree = "<group>"; };
		456187C11C1E9CA200AE5801 /* AssetPicker.h */ = {isa = PBXFileReference; fileEncoding = 4; lastKnownFileType = sourcecode.c.h; path = AssetPicker.h; sourceTree = "<group>"; };
		456187C21C1E9CA200AE5801 /* AssetPicker.m */ = {isa = PBXFileReference; fileEncoding = 4; lastKnownFileType = sourcecode.c.objc; path = AssetPicker.m; sourceTree = "<group>"; };
		456187C31C1E9CA200AE5801 /* NzzChatVc-Bridging-Header.h */ = {isa = PBXFileReference; fileEncoding = 4; lastKnownFileType = sourcecode.c.h; path = "NzzChatVc-Bridging-Header.h"; sourceTree = "<group>"; };
		456187C41C1E9CA200AE5801 /* ZYQAssetPicker.Bundle */ = {isa = PBXFileReference; lastKnownFileType = "wrapper.plug-in"; path = ZYQAssetPicker.Bundle; sourceTree = "<group>"; };
		456187C51C1E9CA200AE5801 /* ZYQAssetPickerController.h */ = {isa = PBXFileReference; fileEncoding = 4; lastKnownFileType = sourcecode.c.h; path = ZYQAssetPickerController.h; sourceTree = "<group>"; };
		456187C61C1E9CA200AE5801 /* ZYQAssetPickerController.m */ = {isa = PBXFileReference; fileEncoding = 4; lastKnownFileType = sourcecode.c.objc; path = ZYQAssetPickerController.m; sourceTree = "<group>"; };
		456187C81C1E9CA200AE5801 /* RecordAndPlay.h */ = {isa = PBXFileReference; fileEncoding = 4; lastKnownFileType = sourcecode.c.h; path = RecordAndPlay.h; sourceTree = "<group>"; };
		456187C91C1E9CA200AE5801 /* RecordAndPlay.m */ = {isa = PBXFileReference; fileEncoding = 4; lastKnownFileType = sourcecode.c.objc; path = RecordAndPlay.m; sourceTree = "<group>"; };
		456187DA1C1E9DB900AE5801 /* HelpFromOc.h */ = {isa = PBXFileReference; fileEncoding = 4; lastKnownFileType = sourcecode.c.h; path = HelpFromOc.h; sourceTree = "<group>"; };
		456187DB1C1E9DB900AE5801 /* HelpFromOc.m */ = {isa = PBXFileReference; fileEncoding = 4; lastKnownFileType = sourcecode.c.objc; path = HelpFromOc.m; sourceTree = "<group>"; };
		457E29441C22D01000CDE1EE /* databaseGet.h */ = {isa = PBXFileReference; fileEncoding = 4; lastKnownFileType = sourcecode.c.h; path = databaseGet.h; sourceTree = "<group>"; };
		457E29451C22D01000CDE1EE /* databaseGet.m */ = {isa = PBXFileReference; fileEncoding = 4; lastKnownFileType = sourcecode.c.objc; path = databaseGet.m; sourceTree = "<group>"; };
		458F9BF31C3A498B00F6D42D /* Pay.swift */ = {isa = PBXFileReference; fileEncoding = 4; lastKnownFileType = sourcecode.swift; path = Pay.swift; sourceTree = "<group>"; };
		4593578B1C3ED2FE00C13A27 /* AddressTableViewCell.swift */ = {isa = PBXFileReference; fileEncoding = 4; lastKnownFileType = sourcecode.swift; path = AddressTableViewCell.swift; sourceTree = "<group>"; };
		4593578C1C3ED2FE00C13A27 /* AddressTableViewCell.xib */ = {isa = PBXFileReference; fileEncoding = 4; lastKnownFileType = file.xib; path = AddressTableViewCell.xib; sourceTree = "<group>"; };
		4593578D1C3ED2FE00C13A27 /* Location.swift */ = {isa = PBXFileReference; fileEncoding = 4; lastKnownFileType = sourcecode.swift; path = Location.swift; sourceTree = "<group>"; };
		4593578E1C3ED2FE00C13A27 /* MAddress.swift */ = {isa = PBXFileReference; fileEncoding = 4; lastKnownFileType = sourcecode.swift; path = MAddress.swift; sourceTree = "<group>"; };
		4593578F1C3ED2FE00C13A27 /* MyAddress2TableViewCell.swift */ = {isa = PBXFileReference; fileEncoding = 4; lastKnownFileType = sourcecode.swift; path = MyAddress2TableViewCell.swift; sourceTree = "<group>"; };
		459357901C3ED2FE00C13A27 /* MyAddress2TableViewCell.xib */ = {isa = PBXFileReference; fileEncoding = 4; lastKnownFileType = file.xib; path = MyAddress2TableViewCell.xib; sourceTree = "<group>"; };
		459357911C3ED2FE00C13A27 /* SearchAddressViewController.swift */ = {isa = PBXFileReference; fileEncoding = 4; lastKnownFileType = sourcecode.swift; path = SearchAddressViewController.swift; sourceTree = "<group>"; };
		459357921C3ED2FE00C13A27 /* UserLocationViewController.swift */ = {isa = PBXFileReference; fileEncoding = 4; lastKnownFileType = sourcecode.swift; path = UserLocationViewController.swift; sourceTree = "<group>"; };
		4593579B1C3ED47E00C13A27 /* HWJNavControllerViewController.swift */ = {isa = PBXFileReference; fileEncoding = 4; lastKnownFileType = sourcecode.swift; path = HWJNavControllerViewController.swift; sourceTree = "<group>"; };
		459EEDF31C321A9100B93CFF /* ChatViewController.swift */ = {isa = PBXFileReference; fileEncoding = 4; lastKnownFileType = sourcecode.swift; path = ChatViewController.swift; sourceTree = "<group>"; };
		459EEDF51C321A9100B93CFF /* AUITableView.swift */ = {isa = PBXFileReference; fileEncoding = 4; lastKnownFileType = sourcecode.swift; path = AUITableView.swift; sourceTree = "<group>"; };
		459EEDFA1C321A9100B93CFF /* MChatView.swift */ = {isa = PBXFileReference; fileEncoding = 4; lastKnownFileType = sourcecode.swift; path = MChatView.swift; sourceTree = "<group>"; };
		459EEDFB1C321A9100B93CFF /* ModelOfMsgSend.swift */ = {isa = PBXFileReference; fileEncoding = 4; lastKnownFileType = sourcecode.swift; path = ModelOfMsgSend.swift; sourceTree = "<group>"; };
		459EEDFE1C321A9100B93CFF /* ModelOfMsgInCell.swift */ = {isa = PBXFileReference; fileEncoding = 4; lastKnownFileType = sourcecode.swift; path = ModelOfMsgInCell.swift; sourceTree = "<group>"; };
		459EEDFF1C321A9100B93CFF /* MTableviewDelegateNzz.swift */ = {isa = PBXFileReference; fileEncoding = 4; lastKnownFileType = sourcecode.swift; path = MTableviewDelegateNzz.swift; sourceTree = "<group>"; };
		459EEE021C321A9100B93CFF /* ColCell1InputVc.swift */ = {isa = PBXFileReference; fileEncoding = 4; lastKnownFileType = sourcecode.swift; path = ColCell1InputVc.swift; sourceTree = "<group>"; };
		459EEE031C321A9100B93CFF /* ColCell1InputVc.xib */ = {isa = PBXFileReference; fileEncoding = 4; lastKnownFileType = file.xib; path = ColCell1InputVc.xib; sourceTree = "<group>"; };
		459EEE041C321A9100B93CFF /* ColCell2InputVc.swift */ = {isa = PBXFileReference; fileEncoding = 4; lastKnownFileType = sourcecode.swift; path = ColCell2InputVc.swift; sourceTree = "<group>"; };
		459EEE051C321A9100B93CFF /* ColCell2InputVc.xib */ = {isa = PBXFileReference; fileEncoding = 4; lastKnownFileType = file.xib; path = ColCell2InputVc.xib; sourceTree = "<group>"; };
		459EEE061C321A9100B93CFF /* InputV.swift */ = {isa = PBXFileReference; fileEncoding = 4; lastKnownFileType = sourcecode.swift; path = InputV.swift; sourceTree = "<group>"; };
		459EEE071C321A9100B93CFF /* InputV.xib */ = {isa = PBXFileReference; fileEncoding = 4; lastKnownFileType = file.xib; path = InputV.xib; sourceTree = "<group>"; };
		459EEE091C321A9100B93CFF /* CustomLayoutNzz.swift */ = {isa = PBXFileReference; fileEncoding = 4; lastKnownFileType = sourcecode.swift; path = CustomLayoutNzz.swift; sourceTree = "<group>"; };
		459EEE0A1C321A9100B93CFF /* MMsgWantSendCollectionViewDelegateNzz.swift */ = {isa = PBXFileReference; fileEncoding = 4; lastKnownFileType = sourcecode.swift; path = MMsgWantSendCollectionViewDelegateNzz.swift; sourceTree = "<group>"; };
		459EEE0B1C321A9100B93CFF /* MsgWantSendCollectionViewCell.swift */ = {isa = PBXFileReference; fileEncoding = 4; lastKnownFileType = sourcecode.swift; path = MsgWantSendCollectionViewCell.swift; sourceTree = "<group>"; };
		459EEE0C1C321A9100B93CFF /* MsgWantSendCollectionViewCell.xib */ = {isa = PBXFileReference; fileEncoding = 4; lastKnownFileType = file.xib; path = MsgWantSendCollectionViewCell.xib; sourceTree = "<group>"; };
		459EEE0D1C321A9100B93CFF /* VolView.swift */ = {isa = PBXFileReference; fileEncoding = 4; lastKnownFileType = sourcecode.swift; path = VolView.swift; sourceTree = "<group>"; };
		459EEE101C321A9100B93CFF /* Cell1ChatTableViewCell.swift */ = {isa = PBXFileReference; fileEncoding = 4; lastKnownFileType = sourcecode.swift; path = Cell1ChatTableViewCell.swift; sourceTree = "<group>"; };
		459EEE111C321A9100B93CFF /* Cell1ChatTableViewCell.xib */ = {isa = PBXFileReference; fileEncoding = 4; lastKnownFileType = file.xib; path = Cell1ChatTableViewCell.xib; sourceTree = "<group>"; };
		459EEE131C321A9100B93CFF /* Cell2ChatTableViewCell.xib */ = {isa = PBXFileReference; fileEncoding = 4; lastKnownFileType = file.xib; path = Cell2ChatTableViewCell.xib; sourceTree = "<group>"; };
		459EEE141C321A9100B93CFF /* ChatTableViewCell.swift */ = {isa = PBXFileReference; fileEncoding = 4; lastKnownFileType = sourcecode.swift; path = ChatTableViewCell.swift; sourceTree = "<group>"; };
		459EEE151C321A9100B93CFF /* ImageMineTableViewCell.swift */ = {isa = PBXFileReference; fileEncoding = 4; lastKnownFileType = sourcecode.swift; path = ImageMineTableViewCell.swift; sourceTree = "<group>"; };
		459EEE161C321A9100B93CFF /* ImageMineTableViewCell.xib */ = {isa = PBXFileReference; fileEncoding = 4; lastKnownFileType = file.xib; path = ImageMineTableViewCell.xib; sourceTree = "<group>"; };
		459EEE181C321A9100B93CFF /* ImageOfCustomerTableViewCell.xib */ = {isa = PBXFileReference; fileEncoding = 4; lastKnownFileType = file.xib; path = ImageOfCustomerTableViewCell.xib; sourceTree = "<group>"; };
		459EEE1B1C321A9100B93CFF /* TableViewDelegateNzz.swift */ = {isa = PBXFileReference; fileEncoding = 4; lastKnownFileType = sourcecode.swift; path = TableViewDelegateNzz.swift; sourceTree = "<group>"; };
		459EEE1C1C321A9100B93CFF /* ToolOfCellInChat.swift */ = {isa = PBXFileReference; fileEncoding = 4; lastKnownFileType = sourcecode.swift; path = ToolOfCellInChat.swift; sourceTree = "<group>"; };
		459EEE411C3220C000B93CFF /* LoginAndRegistViewController.swift */ = {isa = PBXFileReference; fileEncoding = 4; lastKnownFileType = sourcecode.swift; path = LoginAndRegistViewController.swift; sourceTree = "<group>"; };
		459EEE441C32216700B93CFF /* LoginAndRegist.storyboard */ = {isa = PBXFileReference; fileEncoding = 4; lastKnownFileType = file.storyboard; path = LoginAndRegist.storyboard; sourceTree = "<group>"; };
		459EEE491C32322E00B93CFF /* MeViewController.swift */ = {isa = PBXFileReference; fileEncoding = 4; lastKnownFileType = sourcecode.swift; path = MeViewController.swift; sourceTree = "<group>"; };
		459EEE4B1C3234D300B93CFF /* aTableViewController.swift */ = {isa = PBXFileReference; fileEncoding = 4; lastKnownFileType = sourcecode.swift; path = aTableViewController.swift; sourceTree = "<group>"; };
		459EEE4D1C3235D500B93CFF /* UserModel.swift */ = {isa = PBXFileReference; fileEncoding = 4; lastKnownFileType = sourcecode.swift; name = UserModel.swift; path = ChatVc/Model/UserModel.swift; sourceTree = SOURCE_ROOT; };
		459EEE9A1C329D6200B93CFF /* NZZVcOfPay.swift */ = {isa = PBXFileReference; fileEncoding = 4; lastKnownFileType = sourcecode.swift; path = NZZVcOfPay.swift; sourceTree = "<group>"; };
		459EEE9B1C329D6200B93CFF /* NZZVcOfPay.xib */ = {isa = PBXFileReference; fileEncoding = 4; lastKnownFileType = file.xib; path = NZZVcOfPay.xib; sourceTree = "<group>"; };
		45AA09691C3CC6DD00A143E3 /* MsgShow.swift */ = {isa = PBXFileReference; fileEncoding = 4; lastKnownFileType = sourcecode.swift; path = MsgShow.swift; sourceTree = "<group>"; };
		45B705051C1E64BC00B0E8C2 /* ChatVc.app */ = {isa = PBXFileReference; explicitFileType = wrapper.application; includeInIndex = 0; path = ChatVc.app; sourceTree = BUILT_PRODUCTS_DIR; };
		45B705081C1E64BC00B0E8C2 /* AppDelegate.swift */ = {isa = PBXFileReference; lastKnownFileType = sourcecode.swift; path = AppDelegate.swift; sourceTree = "<group>"; };
		45B7050D1C1E64BC00B0E8C2 /* Base */ = {isa = PBXFileReference; lastKnownFileType = file.storyboard; name = Base; path = Base.lproj/Chat.storyboard; sourceTree = "<group>"; };
		45B7050F1C1E64BC00B0E8C2 /* Assets.xcassets */ = {isa = PBXFileReference; lastKnownFileType = folder.assetcatalog; path = Assets.xcassets; sourceTree = "<group>"; };
		45B705121C1E64BC00B0E8C2 /* Base */ = {isa = PBXFileReference; lastKnownFileType = file.storyboard; name = Base; path = Base.lproj/LaunchScreen.storyboard; sourceTree = "<group>"; };
		45B705141C1E64BC00B0E8C2 /* Info.plist */ = {isa = PBXFileReference; lastKnownFileType = text.plist.xml; path = Info.plist; sourceTree = "<group>"; };
		45B705191C1E64BC00B0E8C2 /* ChatVcTests.xctest */ = {isa = PBXFileReference; explicitFileType = wrapper.cfbundle; includeInIndex = 0; path = ChatVcTests.xctest; sourceTree = BUILT_PRODUCTS_DIR; };
		45B7051D1C1E64BC00B0E8C2 /* ChatVcTests.swift */ = {isa = PBXFileReference; lastKnownFileType = sourcecode.swift; path = ChatVcTests.swift; sourceTree = "<group>"; };
		45B7051F1C1E64BC00B0E8C2 /* Info.plist */ = {isa = PBXFileReference; lastKnownFileType = text.plist.xml; path = Info.plist; sourceTree = "<group>"; };
		45B705241C1E64BC00B0E8C2 /* ChatVcUITests.xctest */ = {isa = PBXFileReference; explicitFileType = wrapper.cfbundle; includeInIndex = 0; path = ChatVcUITests.xctest; sourceTree = BUILT_PRODUCTS_DIR; };
		45B705281C1E64BC00B0E8C2 /* ChatVcUITests.swift */ = {isa = PBXFileReference; lastKnownFileType = sourcecode.swift; path = ChatVcUITests.swift; sourceTree = "<group>"; };
		45B7052A1C1E64BC00B0E8C2 /* Info.plist */ = {isa = PBXFileReference; lastKnownFileType = text.plist.xml; path = Info.plist; sourceTree = "<group>"; };
		45B705361C1E64CE00B0E8C2 /* ChatVc-Bridging-Header.h */ = {isa = PBXFileReference; lastKnownFileType = sourcecode.c.h; path = "ChatVc-Bridging-Header.h"; sourceTree = "<group>"; };
		45B705551C1E660700B0E8C2 /* Default.swift */ = {isa = PBXFileReference; fileEncoding = 4; lastKnownFileType = sourcecode.swift; name = Default.swift; path = ../Default.swift; sourceTree = "<group>"; };
		45BBD9E31C228E3D0038A6AC /* CGSize+QuickTool.swift */ = {isa = PBXFileReference; fileEncoding = 4; lastKnownFileType = sourcecode.swift; path = "CGSize+QuickTool.swift"; sourceTree = "<group>"; };
		45BBD9E41C228E3D0038A6AC /* Double+QuickTool.swift */ = {isa = PBXFileReference; fileEncoding = 4; lastKnownFileType = sourcecode.swift; path = "Double+QuickTool.swift"; sourceTree = "<group>"; };
		45BBD9E51C228E3D0038A6AC /* Int+QuickTool.swift */ = {isa = PBXFileReference; fileEncoding = 4; lastKnownFileType = sourcecode.swift; path = "Int+QuickTool.swift"; sourceTree = "<group>"; };
		45BBD9E61C228E3D0038A6AC /* String+QuickTool.swift */ = {isa = PBXFileReference; fileEncoding = 4; lastKnownFileType = sourcecode.swift; path = "String+QuickTool.swift"; sourceTree = "<group>"; };
		45BBD9E71C228E3D0038A6AC /* UIColor+QuickTool.swift */ = {isa = PBXFileReference; fileEncoding = 4; lastKnownFileType = sourcecode.swift; path = "UIColor+QuickTool.swift"; sourceTree = "<group>"; };
		45BBD9E81C228E3D0038A6AC /* UIImage+QuickTool.swift */ = {isa = PBXFileReference; fileEncoding = 4; lastKnownFileType = sourcecode.swift; path = "UIImage+QuickTool.swift"; sourceTree = "<group>"; };
		45BBD9E91C228E3D0038A6AC /* UIImageView+QuickTool.swift */ = {isa = PBXFileReference; fileEncoding = 4; lastKnownFileType = sourcecode.swift; path = "UIImageView+QuickTool.swift"; sourceTree = "<group>"; };
		45BBD9EA1C228E3D0038A6AC /* SGFileManage.swift */ = {isa = PBXFileReference; fileEncoding = 4; lastKnownFileType = sourcecode.swift; path = SGFileManage.swift; sourceTree = "<group>"; };
		45BBD9EB1C228E3D0038A6AC /* UITableViewController+Quick.swift */ = {isa = PBXFileReference; fileEncoding = 4; lastKnownFileType = sourcecode.swift; path = "UITableViewController+Quick.swift"; sourceTree = "<group>"; };
		45F16A8E1C3F889D00592263 /* OrderDetailViewController.swift */ = {isa = PBXFileReference; fileEncoding = 4; lastKnownFileType = sourcecode.swift; path = OrderDetailViewController.swift; sourceTree = "<group>"; };
		45F16A921C3F8CED00592263 /* MOrder.swift */ = {isa = PBXFileReference; fileEncoding = 4; lastKnownFileType = sourcecode.swift; path = MOrder.swift; sourceTree = "<group>"; };
		45F16A941C3F924700592263 /* OrderDetailTableViewCell.swift */ = {isa = PBXFileReference; fileEncoding = 4; lastKnownFileType = sourcecode.swift; path = OrderDetailTableViewCell.swift; sourceTree = "<group>"; };
		80B66270FF74AC3C799583AF /* libPods.a */ = {isa = PBXFileReference; explicitFileType = archive.ar; includeInIndex = 0; path = libPods.a; sourceTree = BUILT_PRODUCTS_DIR; };
		918F07D5BF4114BBD9AF4201 /* Pods.release.xcconfig */ = {isa = PBXFileReference; includeInIndex = 1; lastKnownFileType = text.xcconfig; name = Pods.release.xcconfig; path = "Pods/Target Support Files/Pods/Pods.release.xcconfig"; sourceTree = "<group>"; };
		C0655D4300E6906B19A24F5E /* Pods.debug.xcconfig */ = {isa = PBXFileReference; includeInIndex = 1; lastKnownFileType = text.xcconfig; name = Pods.debug.xcconfig; path = "Pods/Target Support Files/Pods/Pods.debug.xcconfig"; sourceTree = "<group>"; };
/* End PBXFileReference section */

/* Begin PBXFrameworksBuildPhase section */
		45B705021C1E64BC00B0E8C2 /* Frameworks */ = {
			isa = PBXFrameworksBuildPhase;
			buildActionMask = 2147483647;
			files = (
				45431E2A1C27E4DD00D47BCA /* libsqlite3.tbd in Frameworks */,
				F8A475DB41B9CA6ED968066B /* libPods.a in Frameworks */,
			);
			runOnlyForDeploymentPostprocessing = 0;
		};
		45B705161C1E64BC00B0E8C2 /* Frameworks */ = {
			isa = PBXFrameworksBuildPhase;
			buildActionMask = 2147483647;
			files = (
			);
			runOnlyForDeploymentPostprocessing = 0;
		};
		45B705211C1E64BC00B0E8C2 /* Frameworks */ = {
			isa = PBXFrameworksBuildPhase;
			buildActionMask = 2147483647;
			files = (
			);
			runOnlyForDeploymentPostprocessing = 0;
		};
/* End PBXFrameworksBuildPhase section */

/* Begin PBXGroup section */
		1A7C112E50151452708D7DD0 /* Frameworks */ = {
			isa = PBXGroup;
			children = (
				45431E291C27E4DD00D47BCA /* libsqlite3.tbd */,
				80B66270FF74AC3C799583AF /* libPods.a */,
			);
			name = Frameworks;
			sourceTree = "<group>";
		};
		450A512F1C33847B00CDEF34 /* Common */ = {
			isa = PBXGroup;
			children = (
				4593578A1C3ED2FE00C13A27 /* Location */,
				450A51321C33854F00CDEF34 /* Alamofire2.0 */,
				450A51301C33848300CDEF34 /* CommonMethods.swift */,
				458F9BF31C3A498B00F6D42D /* Pay.swift */,
				452E61E71C3BF33600E7B039 /* NZZCheckingOfInput.h */,
				452E61E81C3BF33600E7B039 /* NZZCheckingOfInput.m */,
				45441B071C44C2C900492B6A /* MNotification.swift */,
				45AA09691C3CC6DD00A143E3 /* MsgShow.swift */,
				450EC5FF1C3E017700C6BD19 /* PingPPPay.swift */,
			);
			path = Common;
			sourceTree = "<group>";
		};
		450A51321C33854F00CDEF34 /* Alamofire2.0 */ = {
			isa = PBXGroup;
			children = (
				450A51331C33854F00CDEF34 /* Alamofire.h */,
				450A51341C33854F00CDEF34 /* Alamofire.swift */,
				450A51351C33854F00CDEF34 /* Download.swift */,
				450A51361C33854F00CDEF34 /* Error.swift */,
				450A51371C33854F00CDEF34 /* Info.plist */,
				450A51381C33854F00CDEF34 /* Manager.swift */,
				450A51391C33854F00CDEF34 /* MultipartFormData.swift */,
				450A513A1C33854F00CDEF34 /* ParameterEncoding.swift */,
				450A513B1C33854F00CDEF34 /* Request.swift */,
				450A513C1C33854F00CDEF34 /* ResponseSerialization.swift */,
				450A513D1C33854F00CDEF34 /* Result.swift */,
				450A513E1C33854F00CDEF34 /* ServerTrustPolicy.swift */,
				450A513F1C33854F00CDEF34 /* Stream.swift */,
				450A51401C33854F00CDEF34 /* Upload.swift */,
				450A51411C33854F00CDEF34 /* Validation.swift */,
			);
			path = Alamofire2.0;
			sourceTree = "<group>";
		};
		456187BF1C1E9CA200AE5801 /* ThirdPartTool */ = {
			isa = PBXGroup;
			children = (
				45BBD9D81C228E3D0038A6AC /* Swift */,
				456187D91C1E9D9B00AE5801 /* NzzHelp */,
				456187C01C1E9CA200AE5801 /* GetImg */,
				456187C71C1E9CA200AE5801 /* Record */,
			);
			path = ThirdPartTool;
			sourceTree = "<group>";
		};
		456187C01C1E9CA200AE5801 /* GetImg */ = {
			isa = PBXGroup;
			children = (
				456187C11C1E9CA200AE5801 /* AssetPicker.h */,
				456187C21C1E9CA200AE5801 /* AssetPicker.m */,
				456187C31C1E9CA200AE5801 /* NzzChatVc-Bridging-Header.h */,
				456187C41C1E9CA200AE5801 /* ZYQAssetPicker.Bundle */,
				456187C51C1E9CA200AE5801 /* ZYQAssetPickerController.h */,
				456187C61C1E9CA200AE5801 /* ZYQAssetPickerController.m */,
			);
			path = GetImg;
			sourceTree = "<group>";
		};
		456187C71C1E9CA200AE5801 /* Record */ = {
			isa = PBXGroup;
			children = (
				456187C81C1E9CA200AE5801 /* RecordAndPlay.h */,
				456187C91C1E9CA200AE5801 /* RecordAndPlay.m */,
			);
			path = Record;
			sourceTree = "<group>";
		};
		456187D91C1E9D9B00AE5801 /* NzzHelp */ = {
			isa = PBXGroup;
			children = (
				457E29411C22D00900CDE1EE /* Database */,
				456187DA1C1E9DB900AE5801 /* HelpFromOc.h */,
				456187DB1C1E9DB900AE5801 /* HelpFromOc.m */,
			);
			path = NzzHelp;
			sourceTree = "<group>";
		};
		457E29411C22D00900CDE1EE /* Database */ = {
			isa = PBXGroup;
			children = (
				457E29441C22D01000CDE1EE /* databaseGet.h */,
				457E29451C22D01000CDE1EE /* databaseGet.m */,
			);
			path = Database;
			sourceTree = "<group>";
		};
		4593578A1C3ED2FE00C13A27 /* Location */ = {
			isa = PBXGroup;
			children = (
				4593579B1C3ED47E00C13A27 /* HWJNavControllerViewController.swift */,
				4593578B1C3ED2FE00C13A27 /* AddressTableViewCell.swift */,
				4593578C1C3ED2FE00C13A27 /* AddressTableViewCell.xib */,
				4593578D1C3ED2FE00C13A27 /* Location.swift */,
				4593578E1C3ED2FE00C13A27 /* MAddress.swift */,
				4593578F1C3ED2FE00C13A27 /* MyAddress2TableViewCell.swift */,
				459357901C3ED2FE00C13A27 /* MyAddress2TableViewCell.xib */,
				459357911C3ED2FE00C13A27 /* SearchAddressViewController.swift */,
				459357921C3ED2FE00C13A27 /* UserLocationViewController.swift */,
			);
			path = Location;
			sourceTree = "<group>";
		};
		459EEDF21C321A6300B93CFF /* Chat */ = {
			isa = PBXGroup;
			children = (
				459EEDF31C321A9100B93CFF /* ChatViewController.swift */,
				459EEDF41C321A9100B93CFF /* Controller */,
				459EEDF81C321A9100B93CFF /* Model */,
				459EEE001C321A9100B93CFF /* View */,
			);
			path = Chat;
			sourceTree = "<group>";
		};
		459EEDF41C321A9100B93CFF /* Controller */ = {
			isa = PBXGroup;
			children = (
				459EEDF51C321A9100B93CFF /* AUITableView.swift */,
				459EEDF61C321A9100B93CFF /* KeyBoard */,
				459EEDF71C321A9100B93CFF /* TableView */,
			);
			path = Controller;
			sourceTree = "<group>";
		};
		459EEDF61C321A9100B93CFF /* KeyBoard */ = {
			isa = PBXGroup;
			children = (
			);
			path = KeyBoard;
			sourceTree = "<group>";
		};
		459EEDF71C321A9100B93CFF /* TableView */ = {
			isa = PBXGroup;
			children = (
			);
			path = TableView;
			sourceTree = "<group>";
		};
		459EEDF81C321A9100B93CFF /* Model */ = {
			isa = PBXGroup;
			children = (
				459EEDF91C321A9100B93CFF /* KeyBoard */,
				459EEDFA1C321A9100B93CFF /* MChatView.swift */,
				459EEDFB1C321A9100B93CFF /* ModelOfMsgSend.swift */,
				459EEDFC1C321A9100B93CFF /* TableView */,
			);
			path = Model;
			sourceTree = "<group>";
		};
		459EEDF91C321A9100B93CFF /* KeyBoard */ = {
			isa = PBXGroup;
			children = (
			);
			path = KeyBoard;
			sourceTree = "<group>";
		};
		459EEDFC1C321A9100B93CFF /* TableView */ = {
			isa = PBXGroup;
			children = (
				459EEDFD1C321A9100B93CFF /* CellChatHistory */,
				459EEDFE1C321A9100B93CFF /* ModelOfMsgInCell.swift */,
				459EEDFF1C321A9100B93CFF /* MTableviewDelegateNzz.swift */,
			);
			path = TableView;
			sourceTree = "<group>";
		};
		459EEDFD1C321A9100B93CFF /* CellChatHistory */ = {
			isa = PBXGroup;
			children = (
			);
			path = CellChatHistory;
			sourceTree = "<group>";
		};
		459EEE001C321A9100B93CFF /* View */ = {
			isa = PBXGroup;
			children = (
				459EEE011C321A9100B93CFF /* Keyboard */,
				459EEE0E1C321A9100B93CFF /* TableView */,
			);
			path = View;
			sourceTree = "<group>";
		};
		459EEE011C321A9100B93CFF /* Keyboard */ = {
			isa = PBXGroup;
			children = (
				459EEE021C321A9100B93CFF /* ColCell1InputVc.swift */,
				459EEE031C321A9100B93CFF /* ColCell1InputVc.xib */,
				459EEE041C321A9100B93CFF /* ColCell2InputVc.swift */,
				459EEE051C321A9100B93CFF /* ColCell2InputVc.xib */,
				459EEE061C321A9100B93CFF /* InputV.swift */,
				459EEE071C321A9100B93CFF /* InputV.xib */,
				459EEE081C321A9100B93CFF /* MsgWantSendCollectionView */,
				459EEE0D1C321A9100B93CFF /* VolView.swift */,
			);
			path = Keyboard;
			sourceTree = "<group>";
		};
		459EEE081C321A9100B93CFF /* MsgWantSendCollectionView */ = {
			isa = PBXGroup;
			children = (
				459EEE091C321A9100B93CFF /* CustomLayoutNzz.swift */,
				459EEE0A1C321A9100B93CFF /* MMsgWantSendCollectionViewDelegateNzz.swift */,
				459EEE0B1C321A9100B93CFF /* MsgWantSendCollectionViewCell.swift */,
				459EEE0C1C321A9100B93CFF /* MsgWantSendCollectionViewCell.xib */,
			);
			path = MsgWantSendCollectionView;
			sourceTree = "<group>";
		};
		459EEE0E1C321A9100B93CFF /* TableView */ = {
			isa = PBXGroup;
			children = (
				459EEE0F1C321A9100B93CFF /* CellChatHistory */,
				459EEE1B1C321A9100B93CFF /* TableViewDelegateNzz.swift */,
				459EEE1C1C321A9100B93CFF /* ToolOfCellInChat.swift */,
				4553CAE71C37ABCE00BFD327 /* MoreActionTableViewCell.swift */,
			);
			path = TableView;
			sourceTree = "<group>";
		};
		459EEE0F1C321A9100B93CFF /* CellChatHistory */ = {
			isa = PBXGroup;
			children = (
				459EEE101C321A9100B93CFF /* Cell1ChatTableViewCell.swift */,
				459EEE111C321A9100B93CFF /* Cell1ChatTableViewCell.xib */,
				459EEE131C321A9100B93CFF /* Cell2ChatTableViewCell.xib */,
				459EEE141C321A9100B93CFF /* ChatTableViewCell.swift */,
				459EEE151C321A9100B93CFF /* ImageMineTableViewCell.swift */,
				459EEE161C321A9100B93CFF /* ImageMineTableViewCell.xib */,
				459EEE181C321A9100B93CFF /* ImageOfCustomerTableViewCell.xib */,
			);
			path = CellChatHistory;
			sourceTree = "<group>";
		};
		459EEE3B1C321ABD00B93CFF /* Controller */ = {
			isa = PBXGroup;
			children = (
				4553CAE91C37BA3500BFD327 /* WebViewController.swift */,
				459EEE481C32322E00B93CFF /* Me */,
				459EEE401C3220C000B93CFF /* LoginAndRegistViewController */,
				45F16A8E1C3F889D00592263 /* OrderDetailViewController.swift */,
			);
			path = Controller;
			sourceTree = "<group>";
		};
		459EEE3C1C321ABD00B93CFF /* Model */ = {
			isa = PBXGroup;
			children = (
				450A51291C3383F700CDEF34 /* TopModel.swift */,
				450A512A1C3383F700CDEF34 /* D3Json.swift */,
				450A512B1C3383F700CDEF34 /* PayTool.swift */,
				450A51271C337FC400CDEF34 /* MUpToFile.swift */,
				459EEE4D1C3235D500B93CFF /* UserModel.swift */,
				450A51501C33B91E00CDEF34 /* MRCIM.swift */,
				452E61E51C3BBC3900E7B039 /* MCommandRequest.swift */,
				45F16A921C3F8CED00592263 /* MOrder.swift */,
				45441B091C44DBDA00492B6A /* MUi.swift */,
			);
			path = Model;
			sourceTree = "<group>";
		};
		459EEE3D1C321ABD00B93CFF /* View */ = {
			isa = PBXGroup;
			children = (
				459EEE9A1C329D6200B93CFF /* NZZVcOfPay.swift */,
				459EEE9B1C329D6200B93CFF /* NZZVcOfPay.xib */,
				459EEE431C32214600B93CFF /* LoginAndRegistViewController */,
				45F16A941C3F924700592263 /* OrderDetailTableViewCell.swift */,
			);
			path = View;
			sourceTree = "<group>";
		};
		459EEE401C3220C000B93CFF /* LoginAndRegistViewController */ = {
			isa = PBXGroup;
			children = (
				459EEE411C3220C000B93CFF /* LoginAndRegistViewController.swift */,
			);
			path = LoginAndRegistViewController;
			sourceTree = "<group>";
		};
		459EEE431C32214600B93CFF /* LoginAndRegistViewController */ = {
			isa = PBXGroup;
			children = (
				459EEE441C32216700B93CFF /* LoginAndRegist.storyboard */,
			);
			path = LoginAndRegistViewController;
			sourceTree = "<group>";
		};
		459EEE481C32322E00B93CFF /* Me */ = {
			isa = PBXGroup;
			children = (
				459EEE491C32322E00B93CFF /* MeViewController.swift */,
				459EEE4B1C3234D300B93CFF /* aTableViewController.swift */,
			);
			path = Me;
			sourceTree = "<group>";
		};
		45B704FC1C1E64BC00B0E8C2 = {
			isa = PBXGroup;
			children = (
				45B705071C1E64BC00B0E8C2 /* BlackMagic */,
				45B7051C1C1E64BC00B0E8C2 /* ChatVcTests */,
				45B705271C1E64BC00B0E8C2 /* ChatVcUITests */,
				45B705061C1E64BC00B0E8C2 /* Products */,
				45B705361C1E64CE00B0E8C2 /* ChatVc-Bridging-Header.h */,
				7EF03D989A8613C8B09FF86D /* Pods */,
				1A7C112E50151452708D7DD0 /* Frameworks */,
			);
			sourceTree = "<group>";
		};
		45B705061C1E64BC00B0E8C2 /* Products */ = {
			isa = PBXGroup;
			children = (
				45B705051C1E64BC00B0E8C2 /* ChatVc.app */,
				45B705191C1E64BC00B0E8C2 /* ChatVcTests.xctest */,
				45B705241C1E64BC00B0E8C2 /* ChatVcUITests.xctest */,
			);
			name = Products;
			sourceTree = "<group>";
		};
		45B705071C1E64BC00B0E8C2 /* BlackMagic */ = {
			isa = PBXGroup;
			children = (
				450A512F1C33847B00CDEF34 /* Common */,
				459EEE3B1C321ABD00B93CFF /* Controller */,
				459EEE3C1C321ABD00B93CFF /* Model */,
				459EEE3D1C321ABD00B93CFF /* View */,
				459EEDF21C321A6300B93CFF /* Chat */,
				456187BF1C1E9CA200AE5801 /* ThirdPartTool */,
				45B705551C1E660700B0E8C2 /* Default.swift */,
				45B705081C1E64BC00B0E8C2 /* AppDelegate.swift */,
				45B7050C1C1E64BC00B0E8C2 /* Chat.storyboard */,
				45B7050F1C1E64BC00B0E8C2 /* Assets.xcassets */,
				45B705111C1E64BC00B0E8C2 /* LaunchScreen.storyboard */,
				45B705141C1E64BC00B0E8C2 /* Info.plist */,
			);
			name = BlackMagic;
			path = ChatVc;
			sourceTree = "<group>";
		};
		45B7051C1C1E64BC00B0E8C2 /* ChatVcTests */ = {
			isa = PBXGroup;
			children = (
				45B7051D1C1E64BC00B0E8C2 /* ChatVcTests.swift */,
				45B7051F1C1E64BC00B0E8C2 /* Info.plist */,
			);
			path = ChatVcTests;
			sourceTree = "<group>";
		};
		45B705271C1E64BC00B0E8C2 /* ChatVcUITests */ = {
			isa = PBXGroup;
			children = (
				45B705281C1E64BC00B0E8C2 /* ChatVcUITests.swift */,
				45B7052A1C1E64BC00B0E8C2 /* Info.plist */,
			);
			path = ChatVcUITests;
			sourceTree = "<group>";
		};
		45BBD9D81C228E3D0038A6AC /* Swift */ = {
			isa = PBXGroup;
			children = (
				45BBD9E21C228E3D0038A6AC /* QulckTool */,
				45BBD9EA1C228E3D0038A6AC /* SGFileManage.swift */,
				45BBD9EB1C228E3D0038A6AC /* UITableViewController+Quick.swift */,
			);
			path = Swift;
			sourceTree = "<group>";
		};
		45BBD9E21C228E3D0038A6AC /* QulckTool */ = {
			isa = PBXGroup;
			children = (
				45BBD9E31C228E3D0038A6AC /* CGSize+QuickTool.swift */,
				45BBD9E41C228E3D0038A6AC /* Double+QuickTool.swift */,
				45BBD9E51C228E3D0038A6AC /* Int+QuickTool.swift */,
				45BBD9E61C228E3D0038A6AC /* String+QuickTool.swift */,
				45BBD9E71C228E3D0038A6AC /* UIColor+QuickTool.swift */,
				45BBD9E81C228E3D0038A6AC /* UIImage+QuickTool.swift */,
				45BBD9E91C228E3D0038A6AC /* UIImageView+QuickTool.swift */,
			);
			path = QulckTool;
			sourceTree = "<group>";
		};
		7EF03D989A8613C8B09FF86D /* Pods */ = {
			isa = PBXGroup;
			children = (
				C0655D4300E6906B19A24F5E /* Pods.debug.xcconfig */,
				918F07D5BF4114BBD9AF4201 /* Pods.release.xcconfig */,
			);
			name = Pods;
			sourceTree = "<group>";
		};
/* End PBXGroup section */

/* Begin PBXNativeTarget section */
		45B705041C1E64BC00B0E8C2 /* ChatVc */ = {
			isa = PBXNativeTarget;
			buildConfigurationList = 45B7052D1C1E64BC00B0E8C2 /* Build configuration list for PBXNativeTarget "ChatVc" */;
			buildPhases = (
				DBC707BE1F23992C94653174 /* Check Pods Manifest.lock */,
				45B705011C1E64BC00B0E8C2 /* Sources */,
				45B705021C1E64BC00B0E8C2 /* Frameworks */,
				45B705031C1E64BC00B0E8C2 /* Resources */,
				0EDA97BC31B30B74E25D5D33 /* Copy Pods Resources */,
			);
			buildRules = (
			);
			dependencies = (
			);
			name = ChatVc;
			productName = ChatVc;
			productReference = 45B705051C1E64BC00B0E8C2 /* ChatVc.app */;
			productType = "com.apple.product-type.application";
		};
		45B705181C1E64BC00B0E8C2 /* ChatVcTests */ = {
			isa = PBXNativeTarget;
			buildConfigurationList = 45B705301C1E64BC00B0E8C2 /* Build configuration list for PBXNativeTarget "ChatVcTests" */;
			buildPhases = (
				45B705151C1E64BC00B0E8C2 /* Sources */,
				45B705161C1E64BC00B0E8C2 /* Frameworks */,
				45B705171C1E64BC00B0E8C2 /* Resources */,
			);
			buildRules = (
			);
			dependencies = (
				45B7051B1C1E64BC00B0E8C2 /* PBXTargetDependency */,
			);
			name = ChatVcTests;
			productName = ChatVcTests;
			productReference = 45B705191C1E64BC00B0E8C2 /* ChatVcTests.xctest */;
			productType = "com.apple.product-type.bundle.unit-test";
		};
		45B705231C1E64BC00B0E8C2 /* ChatVcUITests */ = {
			isa = PBXNativeTarget;
			buildConfigurationList = 45B705331C1E64BC00B0E8C2 /* Build configuration list for PBXNativeTarget "ChatVcUITests" */;
			buildPhases = (
				45B705201C1E64BC00B0E8C2 /* Sources */,
				45B705211C1E64BC00B0E8C2 /* Frameworks */,
				45B705221C1E64BC00B0E8C2 /* Resources */,
			);
			buildRules = (
			);
			dependencies = (
				45B705261C1E64BC00B0E8C2 /* PBXTargetDependency */,
			);
			name = ChatVcUITests;
			productName = ChatVcUITests;
			productReference = 45B705241C1E64BC00B0E8C2 /* ChatVcUITests.xctest */;
			productType = "com.apple.product-type.bundle.ui-testing";
		};
/* End PBXNativeTarget section */

/* Begin PBXProject section */
		45B704FD1C1E64BC00B0E8C2 /* Project object */ = {
			isa = PBXProject;
			attributes = {
				LastSwiftUpdateCheck = 0710;
				LastUpgradeCheck = 0710;
				ORGANIZATIONNAME = ai966669;
				TargetAttributes = {
					45B705041C1E64BC00B0E8C2 = {
						CreatedOnToolsVersion = 7.1;
						DevelopmentTeam = F2LD47US52;
					};
					45B705181C1E64BC00B0E8C2 = {
						CreatedOnToolsVersion = 7.1;
						TestTargetID = 45B705041C1E64BC00B0E8C2;
					};
					45B705231C1E64BC00B0E8C2 = {
						CreatedOnToolsVersion = 7.1;
						TestTargetID = 45B705041C1E64BC00B0E8C2;
					};
				};
			};
			buildConfigurationList = 45B705001C1E64BC00B0E8C2 /* Build configuration list for PBXProject "ChatVc" */;
			compatibilityVersion = "Xcode 3.2";
			developmentRegion = English;
			hasScannedForEncodings = 0;
			knownRegions = (
				en,
				Base,
			);
			mainGroup = 45B704FC1C1E64BC00B0E8C2;
			productRefGroup = 45B705061C1E64BC00B0E8C2 /* Products */;
			projectDirPath = "";
			projectRoot = "";
			targets = (
				45B705041C1E64BC00B0E8C2 /* ChatVc */,
				45B705181C1E64BC00B0E8C2 /* ChatVcTests */,
				45B705231C1E64BC00B0E8C2 /* ChatVcUITests */,
			);
		};
/* End PBXProject section */

/* Begin PBXResourcesBuildPhase section */
		45B705031C1E64BC00B0E8C2 /* Resources */ = {
			isa = PBXResourcesBuildPhase;
			buildActionMask = 2147483647;
			files = (
				450A51451C33854F00CDEF34 /* Info.plist in Resources */,
				459EEE2C1C321A9100B93CFF /* MsgWantSendCollectionViewCell.xib in Resources */,
				459357941C3ED2FE00C13A27 /* AddressTableViewCell.xib in Resources */,
				459EEE2F1C321A9100B93CFF /* Cell1ChatTableViewCell.xib in Resources */,
				459EEE341C321A9100B93CFF /* ImageMineTableViewCell.xib in Resources */,
				459EEE281C321A9100B93CFF /* InputV.xib in Resources */,
				459EEE361C321A9100B93CFF /* ImageOfCustomerTableViewCell.xib in Resources */,
				459EEE451C32216700B93CFF /* LoginAndRegist.storyboard in Resources */,
				45B705131C1E64BC00B0E8C2 /* LaunchScreen.storyboard in Resources */,
				456187CB1C1E9CA200AE5801 /* ZYQAssetPicker.Bundle in Resources */,
				45B705101C1E64BC00B0E8C2 /* Assets.xcassets in Resources */,
				45B7050E1C1E64BC00B0E8C2 /* Chat.storyboard in Resources */,
				459EEE9D1C329D6200B93CFF /* NZZVcOfPay.xib in Resources */,
				459EEE261C321A9100B93CFF /* ColCell2InputVc.xib in Resources */,
				459EEE311C321A9100B93CFF /* Cell2ChatTableViewCell.xib in Resources */,
				459357981C3ED2FE00C13A27 /* MyAddress2TableViewCell.xib in Resources */,
				459EEE241C321A9100B93CFF /* ColCell1InputVc.xib in Resources */,
			);
			runOnlyForDeploymentPostprocessing = 0;
		};
		45B705171C1E64BC00B0E8C2 /* Resources */ = {
			isa = PBXResourcesBuildPhase;
			buildActionMask = 2147483647;
			files = (
			);
			runOnlyForDeploymentPostprocessing = 0;
		};
		45B705221C1E64BC00B0E8C2 /* Resources */ = {
			isa = PBXResourcesBuildPhase;
			buildActionMask = 2147483647;
			files = (
			);
			runOnlyForDeploymentPostprocessing = 0;
		};
/* End PBXResourcesBuildPhase section */

/* Begin PBXShellScriptBuildPhase section */
		0EDA97BC31B30B74E25D5D33 /* Copy Pods Resources */ = {
			isa = PBXShellScriptBuildPhase;
			buildActionMask = 2147483647;
			files = (
			);
			inputPaths = (
			);
			name = "Copy Pods Resources";
			outputPaths = (
			);
			runOnlyForDeploymentPostprocessing = 0;
			shellPath = /bin/sh;
			shellScript = "\"${SRCROOT}/Pods/Target Support Files/Pods/Pods-resources.sh\"\n";
			showEnvVarsInLog = 0;
		};
		DBC707BE1F23992C94653174 /* Check Pods Manifest.lock */ = {
			isa = PBXShellScriptBuildPhase;
			buildActionMask = 2147483647;
			files = (
			);
			inputPaths = (
			);
			name = "Check Pods Manifest.lock";
			outputPaths = (
			);
			runOnlyForDeploymentPostprocessing = 0;
			shellPath = /bin/sh;
			shellScript = "diff \"${PODS_ROOT}/../Podfile.lock\" \"${PODS_ROOT}/Manifest.lock\" > /dev/null\nif [[ $? != 0 ]] ; then\n    cat << EOM\nerror: The sandbox is not in sync with the Podfile.lock. Run 'pod install' or update your CocoaPods installation.\nEOM\n    exit 1\nfi\n";
			showEnvVarsInLog = 0;
		};
/* End PBXShellScriptBuildPhase section */

/* Begin PBXSourcesBuildPhase section */
		45B705011C1E64BC00B0E8C2 /* Sources */ = {
			isa = PBXSourcesBuildPhase;
			buildActionMask = 2147483647;
			files = (
				456187DC1C1E9DB900AE5801 /* HelpFromOc.m in Sources */,
				459EEE391C321A9100B93CFF /* TableViewDelegateNzz.swift in Sources */,
				450A51471C33854F00CDEF34 /* MultipartFormData.swift in Sources */,
				450A514C1C33854F00CDEF34 /* ServerTrustPolicy.swift in Sources */,
				459EEE421C3220C000B93CFF /* LoginAndRegistViewController.swift in Sources */,
				450A514D1C33854F00CDEF34 /* Stream.swift in Sources */,
				459EEE251C321A9100B93CFF /* ColCell2InputVc.swift in Sources */,
				456187CC1C1E9CA200AE5801 /* ZYQAssetPickerController.m in Sources */,
				450EC6001C3E017700C6BD19 /* PingPPPay.swift in Sources */,
				459EEE1F1C321A9100B93CFF /* MChatView.swift in Sources */,
				459EEE2B1C321A9100B93CFF /* MsgWantSendCollectionViewCell.swift in Sources */,
				450A514A1C33854F00CDEF34 /* ResponseSerialization.swift in Sources */,
				459EEE4E1C3235D500B93CFF /* UserModel.swift in Sources */,
				459EEE3A1C321A9100B93CFF /* ToolOfCellInChat.swift in Sources */,
				45BBD9FB1C228E3D0038A6AC /* SGFileManage.swift in Sources */,
				45441B0A1C44DBDA00492B6A /* MUi.swift in Sources */,
				458F9BF41C3A498B00F6D42D /* Pay.swift in Sources */,
				459EEE4A1C32322E00B93CFF /* MeViewController.swift in Sources */,
				459EEE291C321A9100B93CFF /* CustomLayoutNzz.swift in Sources */,
				459EEE211C321A9100B93CFF /* ModelOfMsgInCell.swift in Sources */,
				459EEE2D1C321A9100B93CFF /* VolView.swift in Sources */,
				4593579A1C3ED2FE00C13A27 /* UserLocationViewController.swift in Sources */,
				459EEE4C1C3234D300B93CFF /* aTableViewController.swift in Sources */,
				459EEE331C321A9100B93CFF /* ImageMineTableViewCell.swift in Sources */,
				459357951C3ED2FE00C13A27 /* Location.swift in Sources */,
				450A51461C33854F00CDEF34 /* Manager.swift in Sources */,
				459EEE271C321A9100B93CFF /* InputV.swift in Sources */,
				45BBD9F81C228E3D0038A6AC /* UIColor+QuickTool.swift in Sources */,
				45F16A931C3F8CED00592263 /* MOrder.swift in Sources */,
				457E29461C22D01000CDE1EE /* databaseGet.m in Sources */,
				450A51311C33848300CDEF34 /* CommonMethods.swift in Sources */,
				459EEE1D1C321A9100B93CFF /* ChatViewController.swift in Sources */,
				4553CAE81C37ABCE00BFD327 /* MoreActionTableViewCell.swift in Sources */,
				459EEE321C321A9100B93CFF /* ChatTableViewCell.swift in Sources */,
				456187CA1C1E9CA200AE5801 /* AssetPicker.m in Sources */,
				459EEE221C321A9100B93CFF /* MTableviewDelegateNzz.swift in Sources */,
				45BBD9F91C228E3D0038A6AC /* UIImage+QuickTool.swift in Sources */,
				45AA096A1C3CC6DD00A143E3 /* MsgShow.swift in Sources */,
				459357931C3ED2FE00C13A27 /* AddressTableViewCell.swift in Sources */,
				456187CD1C1E9CA200AE5801 /* RecordAndPlay.m in Sources */,
				450A51431C33854F00CDEF34 /* Download.swift in Sources */,
				4593579C1C3ED47E00C13A27 /* HWJNavControllerViewController.swift in Sources */,
				450A51511C33B91E00CDEF34 /* MRCIM.swift in Sources */,
				450A512C1C3383F700CDEF34 /* TopModel.swift in Sources */,
				450A51481C33854F00CDEF34 /* ParameterEncoding.swift in Sources */,
				459357991C3ED2FE00C13A27 /* SearchAddressViewController.swift in Sources */,
				452E61E61C3BBC3900E7B039 /* MCommandRequest.swift in Sources */,
				45BBD9F41C228E3D0038A6AC /* CGSize+QuickTool.swift in Sources */,
				459357971C3ED2FE00C13A27 /* MyAddress2TableViewCell.swift in Sources */,
				450A512D1C3383F700CDEF34 /* D3Json.swift in Sources */,
				45BBD9F71C228E3D0038A6AC /* String+QuickTool.swift in Sources */,
				459EEE9C1C329D6200B93CFF /* NZZVcOfPay.swift in Sources */,
				45F16A951C3F924700592263 /* OrderDetailTableViewCell.swift in Sources */,
				450A514E1C33854F00CDEF34 /* Upload.swift in Sources */,
				450A51281C337FC400CDEF34 /* MUpToFile.swift in Sources */,
				45BBD9FC1C228E3D0038A6AC /* UITableViewController+Quick.swift in Sources */,
				459EEE2A1C321A9100B93CFF /* MMsgWantSendCollectionViewDelegateNzz.swift in Sources */,
				45BBD9FA1C228E3D0038A6AC /* UIImageView+QuickTool.swift in Sources */,
				459EEE231C321A9100B93CFF /* ColCell1InputVc.swift in Sources */,
				4553CAEA1C37BA3500BFD327 /* WebViewController.swift in Sources */,
				452E61E91C3BF33600E7B039 /* NZZCheckingOfInput.m in Sources */,
				45B705561C1E660700B0E8C2 /* Default.swift in Sources */,
				450A512E1C3383F700CDEF34 /* PayTool.swift in Sources */,
				459357961C3ED2FE00C13A27 /* MAddress.swift in Sources */,
				459EEE1E1C321A9100B93CFF /* AUITableView.swift in Sources */,
				450A51491C33854F00CDEF34 /* Request.swift in Sources */,
				459EEE2E1C321A9100B93CFF /* Cell1ChatTableViewCell.swift in Sources */,
				450A514B1C33854F00CDEF34 /* Result.swift in Sources */,
				45B705091C1E64BC00B0E8C2 /* AppDelegate.swift in Sources */,
				450A51421C33854F00CDEF34 /* Alamofire.swift in Sources */,
				45BBD9F51C228E3D0038A6AC /* Double+QuickTool.swift in Sources */,
				45441B081C44C2C900492B6A /* MNotification.swift in Sources */,
				45F16A8F1C3F889D00592263 /* OrderDetailViewController.swift in Sources */,
				459EEE201C321A9100B93CFF /* ModelOfMsgSend.swift in Sources */,
				45BBD9F61C228E3D0038A6AC /* Int+QuickTool.swift in Sources */,
				450A51441C33854F00CDEF34 /* Error.swift in Sources */,
				450A514F1C33854F00CDEF34 /* Validation.swift in Sources */,
			);
			runOnlyForDeploymentPostprocessing = 0;
		};
		45B705151C1E64BC00B0E8C2 /* Sources */ = {
			isa = PBXSourcesBuildPhase;
			buildActionMask = 2147483647;
			files = (
				45B7051E1C1E64BC00B0E8C2 /* ChatVcTests.swift in Sources */,
			);
			runOnlyForDeploymentPostprocessing = 0;
		};
		45B705201C1E64BC00B0E8C2 /* Sources */ = {
			isa = PBXSourcesBuildPhase;
			buildActionMask = 2147483647;
			files = (
				45B705291C1E64BC00B0E8C2 /* ChatVcUITests.swift in Sources */,
			);
			runOnlyForDeploymentPostprocessing = 0;
		};
/* End PBXSourcesBuildPhase section */

/* Begin PBXTargetDependency section */
		45B7051B1C1E64BC00B0E8C2 /* PBXTargetDependency */ = {
			isa = PBXTargetDependency;
			target = 45B705041C1E64BC00B0E8C2 /* ChatVc */;
			targetProxy = 45B7051A1C1E64BC00B0E8C2 /* PBXContainerItemProxy */;
		};
		45B705261C1E64BC00B0E8C2 /* PBXTargetDependency */ = {
			isa = PBXTargetDependency;
			target = 45B705041C1E64BC00B0E8C2 /* ChatVc */;
			targetProxy = 45B705251C1E64BC00B0E8C2 /* PBXContainerItemProxy */;
		};
/* End PBXTargetDependency section */

/* Begin PBXVariantGroup section */
		45B7050C1C1E64BC00B0E8C2 /* Chat.storyboard */ = {
			isa = PBXVariantGroup;
			children = (
				45B7050D1C1E64BC00B0E8C2 /* Base */,
			);
			name = Chat.storyboard;
			sourceTree = "<group>";
		};
		45B705111C1E64BC00B0E8C2 /* LaunchScreen.storyboard */ = {
			isa = PBXVariantGroup;
			children = (
				45B705121C1E64BC00B0E8C2 /* Base */,
			);
			name = LaunchScreen.storyboard;
			sourceTree = "<group>";
		};
/* End PBXVariantGroup section */

/* Begin XCBuildConfiguration section */
		45B7052B1C1E64BC00B0E8C2 /* Debug */ = {
			isa = XCBuildConfiguration;
			buildSettings = {
				ALWAYS_SEARCH_USER_PATHS = NO;
				CLANG_CXX_LANGUAGE_STANDARD = "gnu++0x";
				CLANG_CXX_LIBRARY = "libc++";
				CLANG_ENABLE_MODULES = YES;
				CLANG_ENABLE_OBJC_ARC = YES;
				CLANG_WARN_BOOL_CONVERSION = YES;
				CLANG_WARN_CONSTANT_CONVERSION = YES;
				CLANG_WARN_DIRECT_OBJC_ISA_USAGE = YES_ERROR;
				CLANG_WARN_EMPTY_BODY = YES;
				CLANG_WARN_ENUM_CONVERSION = YES;
				CLANG_WARN_INT_CONVERSION = YES;
				CLANG_WARN_OBJC_ROOT_CLASS = YES_ERROR;
				CLANG_WARN_UNREACHABLE_CODE = YES;
				CLANG_WARN__DUPLICATE_METHOD_MATCH = YES;
				"CODE_SIGN_IDENTITY[sdk=iphoneos*]" = "iPhone Developer";
				COPY_PHASE_STRIP = NO;
				DEBUG_INFORMATION_FORMAT = dwarf;
				ENABLE_STRICT_OBJC_MSGSEND = YES;
				ENABLE_TESTABILITY = YES;
				GCC_C_LANGUAGE_STANDARD = gnu99;
				GCC_DYNAMIC_NO_PIC = NO;
				GCC_NO_COMMON_BLOCKS = YES;
				GCC_OPTIMIZATION_LEVEL = 0;
				GCC_PREPROCESSOR_DEFINITIONS = (
					"DEBUG=1",
					"$(inherited)",
				);
				GCC_WARN_64_TO_32_BIT_CONVERSION = YES;
				GCC_WARN_ABOUT_RETURN_TYPE = YES_ERROR;
				GCC_WARN_UNDECLARED_SELECTOR = YES;
				GCC_WARN_UNINITIALIZED_AUTOS = YES_AGGRESSIVE;
				GCC_WARN_UNUSED_FUNCTION = YES;
				GCC_WARN_UNUSED_VARIABLE = YES;
				IPHONEOS_DEPLOYMENT_TARGET = 9.1;
				MTL_ENABLE_DEBUG_INFO = YES;
				ONLY_ACTIVE_ARCH = YES;
				SDKROOT = iphoneos;
				SWIFT_OPTIMIZATION_LEVEL = "-Onone";
				TARGETED_DEVICE_FAMILY = "1,2";
			};
			name = Debug;
		};
		45B7052C1C1E64BC00B0E8C2 /* Release */ = {
			isa = XCBuildConfiguration;
			buildSettings = {
				ALWAYS_SEARCH_USER_PATHS = NO;
				CLANG_CXX_LANGUAGE_STANDARD = "gnu++0x";
				CLANG_CXX_LIBRARY = "libc++";
				CLANG_ENABLE_MODULES = YES;
				CLANG_ENABLE_OBJC_ARC = YES;
				CLANG_WARN_BOOL_CONVERSION = YES;
				CLANG_WARN_CONSTANT_CONVERSION = YES;
				CLANG_WARN_DIRECT_OBJC_ISA_USAGE = YES_ERROR;
				CLANG_WARN_EMPTY_BODY = YES;
				CLANG_WARN_ENUM_CONVERSION = YES;
				CLANG_WARN_INT_CONVERSION = YES;
				CLANG_WARN_OBJC_ROOT_CLASS = YES_ERROR;
				CLANG_WARN_UNREACHABLE_CODE = YES;
				CLANG_WARN__DUPLICATE_METHOD_MATCH = YES;
				"CODE_SIGN_IDENTITY[sdk=iphoneos*]" = "iPhone Developer";
				COPY_PHASE_STRIP = NO;
				DEBUG_INFORMATION_FORMAT = "dwarf-with-dsym";
				ENABLE_NS_ASSERTIONS = NO;
				ENABLE_STRICT_OBJC_MSGSEND = YES;
				GCC_C_LANGUAGE_STANDARD = gnu99;
				GCC_NO_COMMON_BLOCKS = YES;
				GCC_WARN_64_TO_32_BIT_CONVERSION = YES;
				GCC_WARN_ABOUT_RETURN_TYPE = YES_ERROR;
				GCC_WARN_UNDECLARED_SELECTOR = YES;
				GCC_WARN_UNINITIALIZED_AUTOS = YES_AGGRESSIVE;
				GCC_WARN_UNUSED_FUNCTION = YES;
				GCC_WARN_UNUSED_VARIABLE = YES;
				IPHONEOS_DEPLOYMENT_TARGET = 9.1;
				MTL_ENABLE_DEBUG_INFO = NO;
				SDKROOT = iphoneos;
				TARGETED_DEVICE_FAMILY = "1,2";
				VALIDATE_PRODUCT = YES;
			};
			name = Release;
		};
		45B7052E1C1E64BC00B0E8C2 /* Debug */ = {
			isa = XCBuildConfiguration;
			baseConfigurationReference = C0655D4300E6906B19A24F5E /* Pods.debug.xcconfig */;
			buildSettings = {
				ASSETCATALOG_COMPILER_APPICON_NAME = AppIcon;
				CLANG_ENABLE_MODULES = YES;
				CODE_SIGN_IDENTITY = "iPhone Developer";
				ENABLE_BITCODE = NO;
				INFOPLIST_FILE = ChatVc/Info.plist;
				IPHONEOS_DEPLOYMENT_TARGET = 8.0;
				LD_RUNPATH_SEARCH_PATHS = "$(inherited) @executable_path/Frameworks";
				PRODUCT_BUNDLE_IDENTIFIER = com.anve.bumblebeeapp;
				PRODUCT_NAME = "$(TARGET_NAME)";
				SWIFT_OBJC_BRIDGING_HEADER = "ChatVc-Bridging-Header.h";
				SWIFT_OPTIMIZATION_LEVEL = "-Onone";
			};
			name = Debug;
		};
		45B7052F1C1E64BC00B0E8C2 /* Release */ = {
			isa = XCBuildConfiguration;
			baseConfigurationReference = 918F07D5BF4114BBD9AF4201 /* Pods.release.xcconfig */;
			buildSettings = {
				ASSETCATALOG_COMPILER_APPICON_NAME = AppIcon;
				CLANG_ENABLE_MODULES = YES;
				CODE_SIGN_IDENTITY = "iPhone Developer";
				ENABLE_BITCODE = NO;
				INFOPLIST_FILE = ChatVc/Info.plist;
				IPHONEOS_DEPLOYMENT_TARGET = 8.0;
				LD_RUNPATH_SEARCH_PATHS = "$(inherited) @executable_path/Frameworks";
				PRODUCT_BUNDLE_IDENTIFIER = com.anve.bumblebeeapp;
				PRODUCT_NAME = "$(TARGET_NAME)";
				SWIFT_OBJC_BRIDGING_HEADER = "ChatVc-Bridging-Header.h";
			};
			name = Release;
		};
		45B705311C1E64BC00B0E8C2 /* Debug */ = {
			isa = XCBuildConfiguration;
			buildSettings = {
				BUNDLE_LOADER = "$(TEST_HOST)";
				INFOPLIST_FILE = ChatVcTests/Info.plist;
				LD_RUNPATH_SEARCH_PATHS = "$(inherited) @executable_path/Frameworks @loader_path/Frameworks";
				PRODUCT_BUNDLE_IDENTIFIER = com.anve.ChatVcTests;
				PRODUCT_NAME = "$(TARGET_NAME)";
				TEST_HOST = "$(BUILT_PRODUCTS_DIR)/ChatVc.app/ChatVc";
			};
			name = Debug;
		};
		45B705321C1E64BC00B0E8C2 /* Release */ = {
			isa = XCBuildConfiguration;
			buildSettings = {
				BUNDLE_LOADER = "$(TEST_HOST)";
				INFOPLIST_FILE = ChatVcTests/Info.plist;
				LD_RUNPATH_SEARCH_PATHS = "$(inherited) @executable_path/Frameworks @loader_path/Frameworks";
				PRODUCT_BUNDLE_IDENTIFIER = com.anve.ChatVcTests;
				PRODUCT_NAME = "$(TARGET_NAME)";
				TEST_HOST = "$(BUILT_PRODUCTS_DIR)/ChatVc.app/ChatVc";
			};
			name = Release;
		};
		45B705341C1E64BC00B0E8C2 /* Debug */ = {
			isa = XCBuildConfiguration;
			buildSettings = {
				INFOPLIST_FILE = ChatVcUITests/Info.plist;
				LD_RUNPATH_SEARCH_PATHS = "$(inherited) @executable_path/Frameworks @loader_path/Frameworks";
				PRODUCT_BUNDLE_IDENTIFIER = com.anve.ChatVcUITests;
				PRODUCT_NAME = "$(TARGET_NAME)";
				TEST_TARGET_NAME = ChatVc;
				USES_XCTRUNNER = YES;
			};
			name = Debug;
		};
		45B705351C1E64BC00B0E8C2 /* Release */ = {
			isa = XCBuildConfiguration;
			buildSettings = {
				INFOPLIST_FILE = ChatVcUITests/Info.plist;
				LD_RUNPATH_SEARCH_PATHS = "$(inherited) @executable_path/Frameworks @loader_path/Frameworks";
				PRODUCT_BUNDLE_IDENTIFIER = com.anve.ChatVcUITests;
				PRODUCT_NAME = "$(TARGET_NAME)";
				TEST_TARGET_NAME = ChatVc;
				USES_XCTRUNNER = YES;
			};
			name = Release;
		};
/* End XCBuildConfiguration section */

/* Begin XCConfigurationList section */
		45B705001C1E64BC00B0E8C2 /* Build configuration list for PBXProject "ChatVc" */ = {
			isa = XCConfigurationList;
			buildConfigurations = (
				45B7052B1C1E64BC00B0E8C2 /* Debug */,
				45B7052C1C1E64BC00B0E8C2 /* Release */,
			);
			defaultConfigurationIsVisible = 0;
			defaultConfigurationName = Release;
		};
		45B7052D1C1E64BC00B0E8C2 /* Build configuration list for PBXNativeTarget "ChatVc" */ = {
			isa = XCConfigurationList;
			buildConfigurations = (
				45B7052E1C1E64BC00B0E8C2 /* Debug */,
				45B7052F1C1E64BC00B0E8C2 /* Release */,
			);
			defaultConfigurationIsVisible = 0;
			defaultConfigurationName = Release;
		};
		45B705301C1E64BC00B0E8C2 /* Build configuration list for PBXNativeTarget "ChatVcTests" */ = {
			isa = XCConfigurationList;
			buildConfigurations = (
				45B705311C1E64BC00B0E8C2 /* Debug */,
				45B705321C1E64BC00B0E8C2 /* Release */,
			);
			defaultConfigurationIsVisible = 0;
			defaultConfigurationName = Release;
		};
		45B705331C1E64BC00B0E8C2 /* Build configuration list for PBXNativeTarget "ChatVcUITests" */ = {
			isa = XCConfigurationList;
			buildConfigurations = (
				45B705341C1E64BC00B0E8C2 /* Debug */,
				45B705351C1E64BC00B0E8C2 /* Release */,
			);
			defaultConfigurationIsVisible = 0;
			defaultConfigurationName = Release;
		};
/* End XCConfigurationList section */
	};
	rootObject = 45B704FD1C1E64BC00B0E8C2 /* Project object */;
}
